
Microsoft Visual Studio Solution File, Format Version 12.00
# Visual Studio 15
VisualStudioVersion = 15.0.27703.2000
MinimumVisualStudioVersion = 10.0.40219.1
Project("{FAE04EC0-301F-11D3-BF4B-00C04F79EFBC}") = "easyfmis", "easyfmis\easyfmis.csproj", "{C98C1CFE-20D2-4A91-B5FE-9956A36CF8FD}"
EndProject
Global
	GlobalSection(SolutionConfigurationPlatforms) = preSolution
		Debug|Any CPU = Debug|Any CPU
		Release|Any CPU = Release|Any CPU
	EndGlobalSection
	GlobalSection(ProjectConfigurationPlatforms) = postSolution
		{C98C1CFE-20D2-4A91-B5FE-9956A36CF8FD}.Debug|Any CPU.ActiveCfg = Debug|Any CPU
		{C98C1CFE-20D2-4A91-B5FE-9956A36CF8FD}.Debug|Any CPU.Build.0 = Debug|Any CPU
		{C98C1CFE-20D2-4A91-B5FE-9956A36CF8FD}.Release|Any CPU.ActiveCfg = Release|Any CPU
		{C98C1CFE-20D2-4A91-B5FE-9956A36CF8FD}.Release|Any CPU.Build.0 = Release|Any CPU
	EndGlobalSection
	GlobalSection(SolutionProperties) = preSolution
		HideSolutionNode = FALSE
	EndGlobalSection
	GlobalSection(ExtensibilityGlobals) = postSolution
		SolutionGuid = {621A9380-8F84-4E30-A528-74246630A3D0}
	EndGlobalSection
EndGlobal
